// !$*UTF8*$!
{
	archiveVersion = 1;
	classes = {
	};
	objectVersion = 46;
	objects = {

/* Begin PBXBuildFile section */
		CAFE90531EA3AEBF00258800 /* AppDelegate.swift in Sources */ = {isa = PBXBuildFile; fileRef = CAFE90521EA3AEBF00258800 /* AppDelegate.swift */; };
		CAFE90551EA3AEBF00258800 /* k.swift in Sources */ = {isa = PBXBuildFile; fileRef = CAFE90541EA3AEBF00258800 /* k.swift */; };
		CAFE90581EA3AEBF00258800 /* Main.storyboard in Resources */ = {isa = PBXBuildFile; fileRef = CAFE90561EA3AEBF00258800 /* Main.storyboard */; };
		CAFE905A1EA3AEBF00258800 /* Assets.xcassets in Resources */ = {isa = PBXBuildFile; fileRef = CAFE90591EA3AEBF00258800 /* Assets.xcassets */; };
		CAFE905D1EA3AEBF00258800 /* LaunchScreen.storyboard in Resources */ = {isa = PBXBuildFile; fileRef = CAFE905B1EA3AEBF00258800 /* LaunchScreen.storyboard */; };
		CAFE90651EA4AE4D00258800 /* DefinitionViewController.swift in Sources */ = {isa = PBXBuildFile; fileRef = CAFE90641EA4AE4D00258800 /* DefinitionViewController.swift */; };
/* End PBXBuildFile section */

/* Begin PBXFileReference section */
		CAFE904F1EA3AEBF00258800 /* emoji dictionary.app */ = {isa = PBXFileReference; explicitFileType = wrapper.application; includeInIndex = 0; path = "emoji dictionary.app"; sourceTree = BUILT_PRODUCTS_DIR; };
		CAFE90521EA3AEBF00258800 /* AppDelegate.swift */ = {isa = PBXFileReference; lastKnownFileType = sourcecode.swift; path = AppDelegate.swift; sourceTree = "<group>"; };
		CAFE90541EA3AEBF00258800 /* k.swift */ = {isa = PBXFileReference; lastKnownFileType = sourcecode.swift; path = k.swift; sourceTree = "<group>"; };
		CAFE90571EA3AEBF00258800 /* Base */ = {isa = PBXFileReference; lastKnownFileType = file.storyboard; name = Base; path = Base.lproj/Main.storyboard; sourceTree = "<group>"; };
		CAFE90591EA3AEBF00258800 /* Assets.xcassets */ = {isa = PBXFileReference; lastKnownFileType = folder.assetcatalog; path = Assets.xcassets; sourceTree = "<group>"; };
		CAFE905C1EA3AEBF00258800 /* Base */ = {isa = PBXFileReference; lastKnownFileType = file.storyboard; name = Base; path = Base.lproj/LaunchScreen.storyboard; sourceTree = "<group>"; };
		CAFE905E1EA3AEBF00258800 /* Info.plist */ = {isa = PBXFileReference; lastKnownFileType = text.plist.xml; path = Info.plist; sourceTree = "<group>"; };
		CAFE90641EA4AE4D00258800 /* DefinitionViewController.swift */ = {isa = PBXFileReference; fileEncoding = 4; lastKnownFileType = sourcecode.swift; path = DefinitionViewController.swift; sourceTree = "<group>"; };
/* End PBXFileReference section */

/* Begin PBXFrameworksBuildPhase section */
		CAFE904C1EA3AEBF00258800 /* Frameworks */ = {
			isa = PBXFrameworksBuildPhase;
			buildActionMask = 2147483647;
			files = (
			);
			runOnlyForDeploymentPostprocessing = 0;
		};
/* End PBXFrameworksBuildPhase section */

/* Begin PBXGroup section */
		CAFE90461EA3AEBF00258800 = {
			isa = PBXGroup;
			children = (
				CAFE90511EA3AEBF00258800 /* emoji dictionary */,
				CAFE90501EA3AEBF00258800 /* Products */,
			);
			sourceTree = "<group>";
		};
		CAFE90501EA3AEBF00258800 /* Products */ = {
			isa = PBXGroup;
			children = (
				CAFE904F1EA3AEBF00258800 /* emoji dictionary.app */,
			);
			name = Products;
			sourceTree = "<group>";
		};
		CAFE90511EA3AEBF00258800 /* emoji dictionary */ = {
			isa = PBXGroup;
			children = (
				CAFE90521EA3AEBF00258800 /* AppDelegate.swift */,
				CAFE90541EA3AEBF00258800 /* k.swift */,
				CAFE90641EA4AE4D00258800 /* DefinitionViewController.swift */,
				CAFE90561EA3AEBF00258800 /* Main.storyboard */,
				CAFE90591EA3AEBF00258800 /* Assets.xcassets */,
				CAFE905B1EA3AEBF00258800 /* LaunchScreen.storyboard */,
				CAFE905E1EA3AEBF00258800 /* Info.plist */,
			);
			path = "emoji dictionary";
			sourceTree = "<group>";
		};
/* End PBXGroup section */

/* Begin PBXNativeTarget section */
		CAFE904E1EA3AEBF00258800 /* emoji dictionary */ = {
			isa = PBXNativeTarget;
			buildConfigurationList = CAFE90611EA3AEBF00258800 /* Build configuration list for PBXNativeTarget "emoji dictionary" */;
			buildPhases = (
				CAFE904B1EA3AEBF00258800 /* Sources */,
				CAFE904C1EA3AEBF00258800 /* Frameworks */,
				CAFE904D1EA3AEBF00258800 /* Resources */,
			);
			buildRules = (
			);
			dependencies = (
			);
			name = "emoji dictionary";
			productName = "emoji dictionary";
			productReference = CAFE904F1EA3AEBF00258800 /* emoji dictionary.app */;
			productType = "com.apple.product-type.application";
		};
/* End PBXNativeTarget section */

/* Begin PBXProject section */
		CAFE90471EA3AEBF00258800 /* Project object */ = {
			isa = PBXProject;
			attributes = {
				LastSwiftUpdateCheck = 0830;
				LastUpgradeCheck = 0830;
				ORGANIZATIONNAME = "Kees van der vlis";
				TargetAttributes = {
					CAFE904E1EA3AEBF00258800 = {
						CreatedOnToolsVersion = 8.3.1;
						ProvisioningStyle = Automatic;
					};
				};
			};
			buildConfigurationList = CAFE904A1EA3AEBF00258800 /* Build configuration list for PBXProject "emoji dictionary" */;
			compatibilityVersion = "Xcode 3.2";
			developmentRegion = English;
			hasScannedForEncodings = 0;
			knownRegions = (
				en,
				Base,
			);
			mainGroup = CAFE90461EA3AEBF00258800;
			productRefGroup = CAFE90501EA3AEBF00258800 /* Products */;
			projectDirPath = "";
			projectRoot = "";
			targets = (
				CAFE904E1EA3AEBF00258800 /* emoji dictionary */,
			);
		};
/* End PBXProject section */

/* Begin PBXResourcesBuildPhase section */
		CAFE904D1EA3AEBF00258800 /* Resources */ = {
			isa = PBXResourcesBuildPhase;
			buildActionMask = 2147483647;
			files = (
				CAFE905D1EA3AEBF00258800 /* LaunchScreen.storyboard in Resources */,
				CAFE905A1EA3AEBF00258800 /* Assets.xcassets in Resources */,
				CAFE90581EA3AEBF00258800 /* Main.storyboard in Resources */,
			);
			runOnlyForDeploymentPostprocessing = 0;
		};
/* End PBXResourcesBuildPhase section */

/* Begin PBXSourcesBuildPhase section */
		CAFE904B1EA3AEBF00258800 /* Sources */ = {
			isa = PBXSourcesBuildPhase;
			buildActionMask = 2147483647;
			files = (
				CAFE90551EA3AEBF00258800 /* k.swift in Sources */,
				CAFE90651EA4AE4D00258800 /* DefinitionViewController.swift in Sources */,
				CAFE90531EA3AEBF00258800 /* AppDelegate.swift in Sources */,
			);
			runOnlyForDeploymentPostprocessing = 0;
		};
/* End PBXSourcesBuildPhase section */

/* Begin PBXVariantGroup section */
		CAFE90561EA3AEBF00258800 /* Main.storyboard */ = {
			isa = PBXVariantGroup;
			children = (
				CAFE90571EA3AEBF00258800 /* Base */,
			);
			name = Main.storyboard;
			sourceTree = "<group>";
		};
		CAFE905B1EA3AEBF00258800 /* LaunchScreen.storyboard */ = {
			isa = PBXVariantGroup;
			children = (
				CAFE905C1EA3AEBF00258800 /* Base */,
			);
			name = LaunchScreen.storyboard;
			sourceTree = "<group>";
		};
/* End PBXVariantGroup section */

/* Begin XCBuildConfiguration section */
		CAFE905F1EA3AEBF00258800 /* Debug */ = {
			isa = XCBuildConfiguration;
			buildSettings = {
				ALWAYS_SEARCH_USER_PATHS = NO;
				CLANG_ANALYZER_NONNULL = YES;
				CLANG_ANALYZER_NUMBER_OBJECT_CONVERSION = YES_AGGRESSIVE;
				CLANG_CXX_LANGUAGE_STANDARD = "gnu++0x";
				CLANG_CXX_LIBRARY = "libc++";
				CLANG_ENABLE_MODULES = YES;
				CLANG_ENABLE_OBJC_ARC = YES;
				CLANG_WARN_BOOL_CONVERSION = YES;
				CLANG_WARN_CONSTANT_CONVERSION = YES;
				CLANG_WARN_DIRECT_OBJC_ISA_USAGE = YES_ERROR;
				CLANG_WARN_DOCUMENTATION_COMMENTS = YES;
				CLANG_WARN_EMPTY_BODY = YES;
				CLANG_WARN_ENUM_CONVERSION = YES;
				CLANG_WARN_INFINITE_RECURSION = YES;
				CLANG_WARN_INT_CONVERSION = YES;
				CLANG_WARN_OBJC_ROOT_CLASS = YES_ERROR;
				CLANG_WARN_SUSPICIOUS_MOVE = YES;
				CLANG_WARN_UNREACHABLE_CODE = YES;
				CLANG_WARN__DUPLICATE_METHOD_MATCH = YES;
				"CODE_SIGN_IDENTITY[sdk=iphoneos*]" = "iPhone Developer";
				COPY_PHASE_STRIP = NO;
				DEBUG_INFORMATION_FORMAT = dwarf;
				ENABLE_STRICT_OBJC_MSGSEND = YES;
				ENABLE_TESTABILITY = YES;
				GCC_C_LANGUAGE_STANDARD = gnu99;
				GCC_DYNAMIC_NO_PIC = NO;
				GCC_NO_COMMON_BLOCKS = YES;
				GCC_OPTIMIZATION_LEVEL = 0;
				GCC_PREPROCESSOR_DEFINITIONS = (
					"DEBUG=1",
					"$(inherited)",
				);
				GCC_WARN_64_TO_32_BIT_CONVERSION = YES;
				GCC_WARN_ABOUT_RETURN_TYPE = YES_ERROR;
				GCC_WARN_UNDECLARED_SELECTOR = YES;
				GCC_WARN_UNINITIALIZED_AUTOS = YES_AGGRESSIVE;
				GCC_WARN_UNUSED_FUNCTION = YES;
				GCC_WARN_UNUSED_VARIABLE = YES;
				IPHONEOS_DEPLOYMENT_TARGET = 10.3;
				MTL_ENABLE_DEBUG_INFO = YES;
				ONLY_ACTIVE_ARCH = YES;
				SDKROOT = iphoneos;
				SWIFT_ACTIVE_COMPILATION_CONDITIONS = DEBUG;
				SWIFT_OPTIMIZATION_LEVEL = "-Onone";
				TARGETED_DEVICE_FAMILY = "1,2";
			};
			name = Debug;
		};
		CAFE90601EA3AEBF00258800 /* Release */ = {
			isa = XCBuildConfiguration;
			buildSettings = {
				ALWAYS_SEARCH_USER_PATHS = NO;
				CLANG_ANALYZER_NONNULL = YES;
				CLANG_ANALYZER_NUMBER_OBJECT_CONVERSION = YES_AGGRESSIVE;
				CLANG_CXX_LANGUAGE_STANDARD = "gnu++0x";
				CLANG_CXX_LIBRARY = "libc++";
				CLANG_ENABLE_MODULES = YES;
				CLANG_ENABLE_OBJC_ARC = YES;
				CLANG_WARN_BOOL_CONVERSION = YES;
				CLANG_WARN_CONSTANT_CONVERSION = YES;
				CLANG_WARN_DIRECT_OBJC_ISA_USAGE = YES_ERROR;
				CLANG_WARN_DOCUMENTATION_COMMENTS = YES;
				CLANG_WARN_EMPTY_BODY = YES;
				CLANG_WARN_ENUM_CONVERSION = YES;
				CLANG_WARN_INFINITE_RECURSION = YES;
				CLANG_WARN_INT_CONVERSION = YES;
				CLANG_WARN_OBJC_ROOT_CLASS = YES_ERROR;
				CLANG_WARN_SUSPICIOUS_MOVE = YES;
				CLANG_WARN_UNREACHABLE_CODE = YES;
				CLANG_WARN__DUPLICATE_METHOD_MATCH = YES;
				"CODE_SIGN_IDENTITY[sdk=iphoneos*]" = "iPhone Developer";
				COPY_PHASE_STRIP = NO;
				DEBUG_INFORMATION_FORMAT = "dwarf-with-dsym";
				ENABLE_NS_ASSERTIONS = NO;
				ENABLE_STRICT_OBJC_MSGSEND = YES;
				GCC_C_LANGUAGE_STANDARD = gnu99;
				GCC_NO_COMMON_BLOCKS = YES;
				GCC_WARN_64_TO_32_BIT_CONVERSION = YES;
				GCC_WARN_ABOUT_RETURN_TYPE = YES_ERROR;
				GCC_WARN_UNDECLARED_SELECTOR = YES;
				GCC_WARN_UNINITIALIZED_AUTOS = YES_AGGRESSIVE;
				GCC_WARN_UNUSED_FUNCTION = YES;
				GCC_WARN_UNUSED_VARIABLE = YES;
				IPHONEOS_DEPLOYMENT_TARGET = 10.3;
				MTL_ENABLE_DEBUG_INFO = NO;
				SDKROOT = iphoneos;
				SWIFT_OPTIMIZATION_LEVEL = "-Owholemodule";
				TARGETED_DEVICE_FAMILY = "1,2";
				VALIDATE_PRODUCT = YES;
			};
			name = Release;
		};
		CAFE90621EA3AEBF00258800 /* Debug */ = {
			isa = XCBuildConfiguration;
			buildSettings = {
				ASSETCATALOG_COMPILER_APPICON_NAME = AppIcon;
				INFOPLIST_FILE = "emoji dictionary/Info.plist";
				LD_RUNPATH_SEARCH_PATHS = "$(inherited) @executable_path/Frameworks";
				PRODUCT_BUNDLE_IDENTIFIER = "slowthinkers.net.emoji-dictionary";
				PRODUCT_NAME = "$(TARGET_NAME)";
				SWIFT_VERSION = 3.0;
			};
			name = Debug;
		};
		CAFE90631EA3AEBF00258800 /* Release */ = {
			isa = XCBuildConfiguration;
			buildSettings = {
				ASSETCATALOG_COMPILER_APPICON_NAME = AppIcon;
				INFOPLIST_FILE = "emoji dictionary/Info.plist";
				LD_RUNPATH_SEARCH_PATHS = "$(inherited) @executable_path/Frameworks";
				PRODUCT_BUNDLE_IDENTIFIER = "slowthinkers.net.emoji-dictionary";
				PRODUCT_NAME = "$(TARGET_NAME)";
				SWIFT_VERSION = 3.0;
			};
			name = Release;
		};
/* End XCBuildConfiguration section */

/* Begin XCConfigurationList section */
		CAFE904A1EA3AEBF00258800 /* Build configuration list for PBXProject "emoji dictionary" */ = {
			isa = XCConfigurationList;
			buildConfigurations = (
				CAFE905F1EA3AEBF00258800 /* Debug */,
				CAFE90601EA3AEBF00258800 /* Release */,
			);
			defaultConfigurationIsVisible = 0;
			defaultConfigurationName = Release;
		};
		CAFE90611EA3AEBF00258800 /* Build configuration list for PBXNativeTarget "emoji dictionary" */ = {
			isa = XCConfigurationList;
			buildConfigurations = (
				CAFE90621EA3AEBF00258800 /* Debug */,
				CAFE90631EA3AEBF00258800 /* Release */,
			);
			defaultConfigurationIsVisible = 0;
		};
/* End XCConfigurationList section */
	};
	rootObject = CAFE90471EA3AEBF00258800 /* Project object */;
}
